
Microsoft Visual Studio Solution File, Format Version 12.00
# Visual Studio Version 17
VisualStudioVersion = 17.6.33815.320
MinimumVisualStudioVersion = 10.0.40219.1
Project("{9A19103F-16F7-4668-BE54-9A1E7A4F7556}") = "core", "core\core.csproj", "{4739B155-C072-4237-BE4A-6E255D41872A}"
EndProject
Project("{9A19103F-16F7-4668-BE54-9A1E7A4F7556}") = "core.tests", "core.tests\core.tests.csproj", "{9CBB6D4B-77CE-4B9F-83AA-80B8107145BF}"
EndProject
Project("{9A19103F-16F7-4668-BE54-9A1E7A4F7556}") = "scopes", "scopes\scopes.csproj", "{1244BC72-77C3-4516-97AD-37F216183D02}"
	ProjectSection(ProjectDependencies) = postProject
		{4739B155-C072-4237-BE4A-6E255D41872A} = {4739B155-C072-4237-BE4A-6E255D41872A}
	EndProjectSection
EndProject
Project("{9A19103F-16F7-4668-BE54-9A1E7A4F7556}") = "scopes.tests", "scopes.tests\scopes.tests.csproj", "{F9B44F38-D16C-4960-A000-D84215EB5EB4}"
EndProject
Project("{9A19103F-16F7-4668-BE54-9A1E7A4F7556}") = "server", "server\server.csproj", "{73269DC0-248E-4CF9-AED9-ABB5B9DC2980}"
EndProject
Project("{9A19103F-16F7-4668-BE54-9A1E7A4F7556}") = "server.tests", "server.tests\server.tests.csproj", "{9F40262D-C220-4780-8F63-46663C9948D6}"
EndProject
Project("{FAE04EC0-301F-11D3-BF4B-00C04F79EFBC}") = "commands", "Commands\commands.csproj", "{CF4DC523-1CD8-4C4A-AD03-C6442F13A7E6}"
EndProject
Project("{FAE04EC0-301F-11D3-BF4B-00C04F79EFBC}") = "commands.tests", "commands.tests\commands.tests.csproj", "{6D2ED295-41BC-4B1C-A70D-D7199BD11B3B}"
EndProject
Global
	GlobalSection(SolutionConfigurationPlatforms) = preSolution
		Debug|Any CPU = Debug|Any CPU
		Release|Any CPU = Release|Any CPU
	EndGlobalSection
	GlobalSection(ProjectConfigurationPlatforms) = postSolution
		{4739B155-C072-4237-BE4A-6E255D41872A}.Debug|Any CPU.ActiveCfg = Debug|Any CPU
		{4739B155-C072-4237-BE4A-6E255D41872A}.Debug|Any CPU.Build.0 = Debug|Any CPU
		{4739B155-C072-4237-BE4A-6E255D41872A}.Release|Any CPU.ActiveCfg = Release|Any CPU
		{4739B155-C072-4237-BE4A-6E255D41872A}.Release|Any CPU.Build.0 = Release|Any CPU
		{9CBB6D4B-77CE-4B9F-83AA-80B8107145BF}.Debug|Any CPU.ActiveCfg = Debug|Any CPU
		{9CBB6D4B-77CE-4B9F-83AA-80B8107145BF}.Debug|Any CPU.Build.0 = Debug|Any CPU
		{9CBB6D4B-77CE-4B9F-83AA-80B8107145BF}.Release|Any CPU.ActiveCfg = Release|Any CPU
		{9CBB6D4B-77CE-4B9F-83AA-80B8107145BF}.Release|Any CPU.Build.0 = Release|Any CPU
		{1244BC72-77C3-4516-97AD-37F216183D02}.Debug|Any CPU.ActiveCfg = Debug|Any CPU
		{1244BC72-77C3-4516-97AD-37F216183D02}.Debug|Any CPU.Build.0 = Debug|Any CPU
		{1244BC72-77C3-4516-97AD-37F216183D02}.Release|Any CPU.ActiveCfg = Release|Any CPU
		{1244BC72-77C3-4516-97AD-37F216183D02}.Release|Any CPU.Build.0 = Release|Any CPU
		{F9B44F38-D16C-4960-A000-D84215EB5EB4}.Debug|Any CPU.ActiveCfg = Debug|Any CPU
		{F9B44F38-D16C-4960-A000-D84215EB5EB4}.Debug|Any CPU.Build.0 = Debug|Any CPU
		{F9B44F38-D16C-4960-A000-D84215EB5EB4}.Release|Any CPU.ActiveCfg = Release|Any CPU
		{F9B44F38-D16C-4960-A000-D84215EB5EB4}.Release|Any CPU.Build.0 = Release|Any CPU
		{73269DC0-248E-4CF9-AED9-ABB5B9DC2980}.Debug|Any CPU.ActiveCfg = Debug|Any CPU
		{73269DC0-248E-4CF9-AED9-ABB5B9DC2980}.Debug|Any CPU.Build.0 = Debug|Any CPU
		{73269DC0-248E-4CF9-AED9-ABB5B9DC2980}.Release|Any CPU.ActiveCfg = Release|Any CPU
		{73269DC0-248E-4CF9-AED9-ABB5B9DC2980}.Release|Any CPU.Build.0 = Release|Any CPU
		{9F40262D-C220-4780-8F63-46663C9948D6}.Debug|Any CPU.ActiveCfg = Debug|Any CPU
		{9F40262D-C220-4780-8F63-46663C9948D6}.Debug|Any CPU.Build.0 = Debug|Any CPU
		{9F40262D-C220-4780-8F63-46663C9948D6}.Release|Any CPU.ActiveCfg = Release|Any CPU
		{9F40262D-C220-4780-8F63-46663C9948D6}.Release|Any CPU.Build.0 = Release|Any CPU
		{CF4DC523-1CD8-4C4A-AD03-C6442F13A7E6}.Debug|Any CPU.ActiveCfg = Debug|Any CPU
		{CF4DC523-1CD8-4C4A-AD03-C6442F13A7E6}.Debug|Any CPU.Build.0 = Debug|Any CPU
		{CF4DC523-1CD8-4C4A-AD03-C6442F13A7E6}.Release|Any CPU.ActiveCfg = Release|Any CPU
		{CF4DC523-1CD8-4C4A-AD03-C6442F13A7E6}.Release|Any CPU.Build.0 = Release|Any CPU
		{6D2ED295-41BC-4B1C-A70D-D7199BD11B3B}.Debug|Any CPU.ActiveCfg = Debug|Any CPU
		{6D2ED295-41BC-4B1C-A70D-D7199BD11B3B}.Debug|Any CPU.Build.0 = Debug|Any CPU
		{6D2ED295-41BC-4B1C-A70D-D7199BD11B3B}.Release|Any CPU.ActiveCfg = Release|Any CPU
		{6D2ED295-41BC-4B1C-A70D-D7199BD11B3B}.Release|Any CPU.Build.0 = Release|Any CPU
	EndGlobalSection
	GlobalSection(SolutionProperties) = preSolution
		HideSolutionNode = FALSE
	EndGlobalSection
	GlobalSection(ExtensibilityGlobals) = postSolution
		SolutionGuid = {40A1B7CA-E55F-4FAD-921D-9627F9BE21FA}
	EndGlobalSection
EndGlobal
