
Microsoft Visual Studio Solution File, Format Version 12.00
# Visual Studio Version 17
VisualStudioVersion = 17.6.33815.320
MinimumVisualStudioVersion = 10.0.40219.1
Project("{FAE04EC0-301F-11D3-BF4B-00C04F79EFBC}") = "core", "core\core.csproj", "{4739B155-C072-4237-BE4A-6E255D41872A}"
EndProject
Global
	GlobalSection(SolutionConfigurationPlatforms) = preSolution
		Debug|Any CPU = Debug|Any CPU
		Release|Any CPU = Release|Any CPU
	EndGlobalSection
	GlobalSection(ProjectConfigurationPlatforms) = postSolution
		{4739B155-C072-4237-BE4A-6E255D41872A}.Debug|Any CPU.ActiveCfg = Debug|Any CPU
		{4739B155-C072-4237-BE4A-6E255D41872A}.Debug|Any CPU.Build.0 = Debug|Any CPU
		{4739B155-C072-4237-BE4A-6E255D41872A}.Release|Any CPU.ActiveCfg = Release|Any CPU
		{4739B155-C072-4237-BE4A-6E255D41872A}.Release|Any CPU.Build.0 = Release|Any CPU
	EndGlobalSection
	GlobalSection(SolutionProperties) = preSolution
		HideSolutionNode = FALSE
	EndGlobalSection
	GlobalSection(ExtensibilityGlobals) = postSolution
		SolutionGuid = {40A1B7CA-E55F-4FAD-921D-9627F9BE21FA}
	EndGlobalSection
EndGlobal
